dependencies:
- name: common
  repository: file://charts/common
  version: 0.0.20
- name: kube-state-metrics
  repository: https://prometheus-community.github.io/helm-charts
  version: 5.27.0
- name: victoria-metrics-operator
  repository: https://victoriametrics.github.io/helm-charts
  version: 0.43.0
- name: pmm
  repository: https://percona.github.io/percona-helm-charts
  version: 1.3.21
- name: pmm3
  repository: file://charts/pmm3
  version: 0.0.1
- name: everest-crds
  repository: file://charts/everest-crds
  version: 2.0.0-dev.2
- name: plugin-hub
  repository: oci://ghcr.io/openeverest/charts
  version: 0.1.14
digest: sha256:4e744ee29fd85c3f691f139358fa813dc9c808dbb158dc6d26f315fffb4a1708
generated: "2026-08-18T20:08:04.096839841+01:00"
